version = 1
revision = 2
requires-python = ">=3.9"

[[package]]
name = "uuid"
version = "1.30"
source = { registry = "https://pypi.org/simple" }
sdist = { url = "https://files.pythonhosted.org/packages/ce/63/f42f5aa951ebf2c8dac81f77a8edcc1c218640a2a35a03b9ff2d4aa64c3d/uuid-1.30.tar.gz", hash = "sha256:1f87cc004ac5120466f36c5beae48b4c48cc411968eed0eaecd3da82aa96193f", size = 5811, upload-time = "2007-05-26T11:13:24Z" }

[[package]]
name = "week-03"
version = "0.1.0"
source = { virtual = "." }
dependencies = [
    { name = "uuid" },
]

[package.metadata]
requires-dist = [{ name = "uuid", specifier = ">=1.30" }]
